
Microsoft Visual Studio Solution File, Format Version 12.00
# Visual Studio Version 17
VisualStudioVersion = 17.13.35806.99
MinimumVisualStudioVersion = 10.0.40219.1
Project("{FAE04EC0-301F-11D3-BF4B-00C04F79EFBC}") = "PI_TMS.API", "PI_TMS.API\PI_TMS.API.csproj", "{BAB4AE38-4F06-465B-B3DA-82DB112F0028}"
EndProject
Project("{FAE04EC0-301F-11D3-BF4B-00C04F79EFBC}") = "TMS.Domain", "TMS.Domain\TMS.Domain.csproj", "{EEAAD074-7D4B-438A-B179-042B20D59545}"
EndProject
Project("{FAE04EC0-301F-11D3-BF4B-00C04F79EFBC}") = "TMS.Infrastructure", "TMS.Infrastructure\TMS.Infrastructure.csproj", "{12536FA6-A5A4-4AC4-B008-9F9311D86AA9}"
EndProject
Project("{FAE04EC0-301F-11D3-BF4B-00C04F79EFBC}") = "TMS.Application", "TMS.Application\TMS.Application.csproj", "{C6AC3F24-0010-4C5C-8C97-F91B10F7E0CA}"
EndProject
Project("{2150E333-8FDC-42A3-9474-1A3956D46DE8}") = "src", "src", "{A8135E8B-32EA-4F1E-851B-E71D6AAE981D}"
	ProjectSection(SolutionItems) = preProject
		Dockerfile = Dockerfile
	EndProjectSection
EndProject
Project("{2150E333-8FDC-42A3-9474-1A3956D46DE8}") = "tests", "tests", "{9EF63A16-DAD2-434E-9E15-EAC44EA0CE33}"
EndProject
Project("{FAE04EC0-301F-11D3-BF4B-00C04F79EFBC}") = "PI_TMS.DomainTests", "PI_TMS.DomainTests\PI_TMS.DomainTests.csproj", "{A9BD4D90-08CD-40F0-9121-47E5240A6877}"
EndProject
Global
	GlobalSection(SolutionConfigurationPlatforms) = preSolution
		Debug|Any CPU = Debug|Any CPU
		Release|Any CPU = Release|Any CPU
	EndGlobalSection
	GlobalSection(ProjectConfigurationPlatforms) = postSolution
		{BAB4AE38-4F06-465B-B3DA-82DB112F0028}.Debug|Any CPU.ActiveCfg = Debug|Any CPU
		{BAB4AE38-4F06-465B-B3DA-82DB112F0028}.Debug|Any CPU.Build.0 = Debug|Any CPU
		{BAB4AE38-4F06-465B-B3DA-82DB112F0028}.Release|Any CPU.ActiveCfg = Release|Any CPU
		{BAB4AE38-4F06-465B-B3DA-82DB112F0028}.Release|Any CPU.Build.0 = Release|Any CPU
		{EEAAD074-7D4B-438A-B179-042B20D59545}.Debug|Any CPU.ActiveCfg = Debug|Any CPU
		{EEAAD074-7D4B-438A-B179-042B20D59545}.Debug|Any CPU.Build.0 = Debug|Any CPU
		{EEAAD074-7D4B-438A-B179-042B20D59545}.Release|Any CPU.ActiveCfg = Release|Any CPU
		{EEAAD074-7D4B-438A-B179-042B20D59545}.Release|Any CPU.Build.0 = Release|Any CPU
		{12536FA6-A5A4-4AC4-B008-9F9311D86AA9}.Debug|Any CPU.ActiveCfg = Debug|Any CPU
		{12536FA6-A5A4-4AC4-B008-9F9311D86AA9}.Debug|Any CPU.Build.0 = Debug|Any CPU
		{12536FA6-A5A4-4AC4-B008-9F9311D86AA9}.Release|Any CPU.ActiveCfg = Release|Any CPU
		{12536FA6-A5A4-4AC4-B008-9F9311D86AA9}.Release|Any CPU.Build.0 = Release|Any CPU
		{C6AC3F24-0010-4C5C-8C97-F91B10F7E0CA}.Debug|Any CPU.ActiveCfg = Debug|Any CPU
		{C6AC3F24-0010-4C5C-8C97-F91B10F7E0CA}.Debug|Any CPU.Build.0 = Debug|Any CPU
		{C6AC3F24-0010-4C5C-8C97-F91B10F7E0CA}.Release|Any CPU.ActiveCfg = Release|Any CPU
		{C6AC3F24-0010-4C5C-8C97-F91B10F7E0CA}.Release|Any CPU.Build.0 = Release|Any CPU
		{A9BD4D90-08CD-40F0-9121-47E5240A6877}.Debug|Any CPU.ActiveCfg = Debug|Any CPU
		{A9BD4D90-08CD-40F0-9121-47E5240A6877}.Debug|Any CPU.Build.0 = Debug|Any CPU
		{A9BD4D90-08CD-40F0-9121-47E5240A6877}.Release|Any CPU.ActiveCfg = Release|Any CPU
		{A9BD4D90-08CD-40F0-9121-47E5240A6877}.Release|Any CPU.Build.0 = Release|Any CPU
	EndGlobalSection
	GlobalSection(SolutionProperties) = preSolution
		HideSolutionNode = FALSE
	EndGlobalSection
	GlobalSection(ExtensibilityGlobals) = postSolution
		SolutionGuid = {3588AA9E-5F97-4BB3-B4FF-90780A1ECFB2}
	EndGlobalSection
	GlobalSection(NestedProjects) = preSolution
		{EEAAD074-7D4B-438A-B179-042B20D59545} = {A8135E8B-32EA-4F1E-851B-E71D6AAE981D}
		{12536FA6-A5A4-4AC4-B008-9F9311D86AA9} = {A8135E8B-32EA-4F1E-851B-E71D6AAE981D}
		{C6AC3F24-0010-4C5C-8C97-F91B10F7E0CA} = {A8135E8B-32EA-4F1E-851B-E71D6AAE981D}
		{BAB4AE38-4F06-465B-B3DA-82DB112F0028} = {A8135E8B-32EA-4F1E-851B-E71D6AAE981D}
		{A9BD4D90-08CD-40F0-9121-47E5240A6877} = {9EF63A16-DAD2-434E-9E15-EAC44EA0CE33}
	EndGlobalSection
EndGlobal
